
Microsoft Visual Studio Solution File, Format Version 12.00
# Visual Studio Version 17
VisualStudioVersion = 17.13.35919.96
MinimumVisualStudioVersion = 10.0.40219.1
Project("{FAE04EC0-301F-11D3-BF4B-00C04F79EFBC}") = "Shopping.CartAPI", "Shopping.CartAPI\Shopping.CartAPI.csproj", "{81DC39B3-0BC1-4961-9A06-D2E2325340B3}"
EndProject
Project("{FAE04EC0-301F-11D3-BF4B-00C04F79EFBC}") = "Shopping.Core", "Shopping.Core\Shopping.Core.csproj", "{7D7A952F-0F51-4924-BB68-5D94344D79F8}"
EndProject
Project("{FAE04EC0-301F-11D3-BF4B-00C04F79EFBC}") = "Shopping.Models", "Shopping.Models\Shopping.Models.csproj", "{525EFE7A-8CBD-4077-8EC6-4E61EA1F009F}"
EndProject
Global
	GlobalSection(SolutionConfigurationPlatforms) = preSolution
		Debug|Any CPU = Debug|Any CPU
		Release|Any CPU = Release|Any CPU
	EndGlobalSection
	GlobalSection(ProjectConfigurationPlatforms) = postSolution
		{81DC39B3-0BC1-4961-9A06-D2E2325340B3}.Debug|Any CPU.ActiveCfg = Debug|Any CPU
		{81DC39B3-0BC1-4961-9A06-D2E2325340B3}.Debug|Any CPU.Build.0 = Debug|Any CPU
		{81DC39B3-0BC1-4961-9A06-D2E2325340B3}.Release|Any CPU.ActiveCfg = Release|Any CPU
		{81DC39B3-0BC1-4961-9A06-D2E2325340B3}.Release|Any CPU.Build.0 = Release|Any CPU
		{7D7A952F-0F51-4924-BB68-5D94344D79F8}.Debug|Any CPU.ActiveCfg = Debug|Any CPU
		{7D7A952F-0F51-4924-BB68-5D94344D79F8}.Debug|Any CPU.Build.0 = Debug|Any CPU
		{7D7A952F-0F51-4924-BB68-5D94344D79F8}.Release|Any CPU.ActiveCfg = Release|Any CPU
		{7D7A952F-0F51-4924-BB68-5D94344D79F8}.Release|Any CPU.Build.0 = Release|Any CPU
		{525EFE7A-8CBD-4077-8EC6-4E61EA1F009F}.Debug|Any CPU.ActiveCfg = Debug|Any CPU
		{525EFE7A-8CBD-4077-8EC6-4E61EA1F009F}.Debug|Any CPU.Build.0 = Debug|Any CPU
		{525EFE7A-8CBD-4077-8EC6-4E61EA1F009F}.Release|Any CPU.ActiveCfg = Release|Any CPU
		{525EFE7A-8CBD-4077-8EC6-4E61EA1F009F}.Release|Any CPU.Build.0 = Release|Any CPU
	EndGlobalSection
	GlobalSection(SolutionProperties) = preSolution
		HideSolutionNode = FALSE
	EndGlobalSection
	GlobalSection(ExtensibilityGlobals) = postSolution
		SolutionGuid = {1F8717EC-D5F4-433E-BF2D-DA678B6B725A}
	EndGlobalSection
EndGlobal
